
Microsoft Visual Studio Solution File, Format Version 12.00
# Visual Studio Version 16
VisualStudioVersion = 16.0.29403.142
MinimumVisualStudioVersion = 10.0.40219.1
Project("{FAE04EC0-301F-11D3-BF4B-00C04F79EFBC}") = "csharp-itil-ausfrager", "csharp-itil-ausfrager\csharp-itil-ausfrager.csproj", "{D321FD66-E168-4719-BD3D-400DC707F059}"
EndProject
Global
	GlobalSection(SolutionConfigurationPlatforms) = preSolution
		Debug|Any CPU = Debug|Any CPU
		Release|Any CPU = Release|Any CPU
	EndGlobalSection
	GlobalSection(ProjectConfigurationPlatforms) = postSolution
		{D321FD66-E168-4719-BD3D-400DC707F059}.Debug|Any CPU.ActiveCfg = Debug|Any CPU
		{D321FD66-E168-4719-BD3D-400DC707F059}.Debug|Any CPU.Build.0 = Debug|Any CPU
		{D321FD66-E168-4719-BD3D-400DC707F059}.Release|Any CPU.ActiveCfg = Release|Any CPU
		{D321FD66-E168-4719-BD3D-400DC707F059}.Release|Any CPU.Build.0 = Release|Any CPU
	EndGlobalSection
	GlobalSection(SolutionProperties) = preSolution
		HideSolutionNode = FALSE
	EndGlobalSection
	GlobalSection(ExtensibilityGlobals) = postSolution
		SolutionGuid = {7526D000-A33B-45E2-8CE1-4976CE137DA2}
	EndGlobalSection
EndGlobal
